// !$*UTF8*$!
{
	archiveVersion = 1;
	classes = {
	};
	objectVersion = 56;
	objects = {

/* Begin PBXBuildFile section */
		924CF2DF2C1DF2420037A0FD /* UserViewController.swift in Sources */ = {isa = PBXBuildFile; fileRef = 924CF2DE2C1DF2420037A0FD /* UserViewController.swift */; };
		924CF2E22C1DFB090037A0FD /* UIImage+Extension.swift in Sources */ = {isa = PBXBuildFile; fileRef = 924CF2E12C1DFB090037A0FD /* UIImage+Extension.swift */; };
		925C4DDE2C0EE56C0088A7BA /* AppDelegate.swift in Sources */ = {isa = PBXBuildFile; fileRef = 925C4DDD2C0EE56C0088A7BA /* AppDelegate.swift */; };
		925C4DE02C0EE56C0088A7BA /* SceneDelegate.swift in Sources */ = {isa = PBXBuildFile; fileRef = 925C4DDF2C0EE56C0088A7BA /* SceneDelegate.swift */; };
		925C4DE52C0EE56C0088A7BA /* Main.storyboard in Resources */ = {isa = PBXBuildFile; fileRef = 925C4DE32C0EE56C0088A7BA /* Main.storyboard */; };
		925C4DE72C0EE5720088A7BA /* Assets.xcassets in Resources */ = {isa = PBXBuildFile; fileRef = 925C4DE62C0EE5720088A7BA /* Assets.xcassets */; };
		925C4DEA2C0EE5720088A7BA /* LaunchScreen.storyboard in Resources */ = {isa = PBXBuildFile; fileRef = 925C4DE82C0EE5720088A7BA /* LaunchScreen.storyboard */; };
		925C4DF22C0EE5980088A7BA /* APIManager.swift in Sources */ = {isa = PBXBuildFile; fileRef = 925C4DF12C0EE5980088A7BA /* APIManager.swift */; };
		925C4DF42C0EE7540088A7BA /* UserModel.swift in Sources */ = {isa = PBXBuildFile; fileRef = 925C4DF32C0EE7540088A7BA /* UserModel.swift */; };
		925C4DF72C0EEDD60088A7BA /* UserTableViewCell.swift in Sources */ = {isa = PBXBuildFile; fileRef = 925C4DF52C0EEDD60088A7BA /* UserTableViewCell.swift */; };
		925C4DF82C0EEDD60088A7BA /* UserTableViewCell.xib in Resources */ = {isa = PBXBuildFile; fileRef = 925C4DF62C0EEDD60088A7BA /* UserTableViewCell.xib */; };
		92AFDEF52C341E3A00289910 /* DependencyInversion.swift in Sources */ = {isa = PBXBuildFile; fileRef = 92AFDEF42C341E3A00289910 /* DependencyInversion.swift */; };
		92E7E3272C1C28C1001DF298 /* UserListViewModel.swift in Sources */ = {isa = PBXBuildFile; fileRef = 92E7E3262C1C28C1001DF298 /* UserListViewModel.swift */; };
		92E7E3292C1C29F7001DF298 /* APIConstants.swift in Sources */ = {isa = PBXBuildFile; fileRef = 92E7E3282C1C29F7001DF298 /* APIConstants.swift */; };
		92E7E32B2C1C2D55001DF298 /* AppConstants.swift in Sources */ = {isa = PBXBuildFile; fileRef = 92E7E32A2C1C2D55001DF298 /* AppConstants.swift */; };
		92EE51902C3586AC0020DE91 /* SizeClassVC.swift in Sources */ = {isa = PBXBuildFile; fileRef = 92EE518F2C3586AC0020DE91 /* SizeClassVC.swift */; };
		92EF9A7B2C340E79003F6F23 /* UserListOfflineviewModel.swift in Sources */ = {isa = PBXBuildFile; fileRef = 92EF9A7A2C340E79003F6F23 /* UserListOfflineviewModel.swift */; };
		92EF9A7D2C341778003F6F23 /* Enum.swift in Sources */ = {isa = PBXBuildFile; fileRef = 92EF9A7C2C341778003F6F23 /* Enum.swift */; };
/* End PBXBuildFile section */

/* Begin PBXFileReference section */
		924CF2DE2C1DF2420037A0FD /* UserViewController.swift */ = {isa = PBXFileReference; lastKnownFileType = sourcecode.swift; path = UserViewController.swift; sourceTree = "<group>"; };
		924CF2E12C1DFB090037A0FD /* UIImage+Extension.swift */ = {isa = PBXFileReference; lastKnownFileType = sourcecode.swift; path = "UIImage+Extension.swift"; sourceTree = "<group>"; };
		925C4DDA2C0EE56C0088A7BA /* DisplayUseListProject.app */ = {isa = PBXFileReference; explicitFileType = wrapper.application; includeInIndex = 0; path = DisplayUseListProject.app; sourceTree = BUILT_PRODUCTS_DIR; };
		925C4DDD2C0EE56C0088A7BA /* AppDelegate.swift */ = {isa = PBXFileReference; lastKnownFileType = sourcecode.swift; path = AppDelegate.swift; sourceTree = "<group>"; };
		925C4DDF2C0EE56C0088A7BA /* SceneDelegate.swift */ = {isa = PBXFileReference; lastKnownFileType = sourcecode.swift; path = SceneDelegate.swift; sourceTree = "<group>"; };
		925C4DE42C0EE56C0088A7BA /* Base */ = {isa = PBXFileReference; lastKnownFileType = file.storyboard; name = Base; path = Base.lproj/Main.storyboard; sourceTree = "<group>"; };
		925C4DE62C0EE5720088A7BA /* Assets.xcassets */ = {isa = PBXFileReference; lastKnownFileType = folder.assetcatalog; path = Assets.xcassets; sourceTree = "<group>"; };
		925C4DE92C0EE5720088A7BA /* Base */ = {isa = PBXFileReference; lastKnownFileType = file.storyboard; name = Base; path = Base.lproj/LaunchScreen.storyboard; sourceTree = "<group>"; };
		925C4DEB2C0EE5720088A7BA /* Info.plist */ = {isa = PBXFileReference; lastKnownFileType = text.plist.xml; path = Info.plist; sourceTree = "<group>"; };
		925C4DF12C0EE5980088A7BA /* APIManager.swift */ = {isa = PBXFileReference; lastKnownFileType = sourcecode.swift; path = APIManager.swift; sourceTree = "<group>"; };
		925C4DF32C0EE7540088A7BA /* UserModel.swift */ = {isa = PBXFileReference; lastKnownFileType = sourcecode.swift; path = UserModel.swift; sourceTree = "<group>"; };
		925C4DF52C0EEDD60088A7BA /* UserTableViewCell.swift */ = {isa = PBXFileReference; lastKnownFileType = sourcecode.swift; path = UserTableViewCell.swift; sourceTree = "<group>"; };
		925C4DF62C0EEDD60088A7BA /* UserTableViewCell.xib */ = {isa = PBXFileReference; lastKnownFileType = file.xib; path = UserTableViewCell.xib; sourceTree = "<group>"; };
		92AFDEF42C341E3A00289910 /* DependencyInversion.swift */ = {isa = PBXFileReference; lastKnownFileType = sourcecode.swift; path = DependencyInversion.swift; sourceTree = "<group>"; };
		92E7E3262C1C28C1001DF298 /* UserListViewModel.swift */ = {isa = PBXFileReference; lastKnownFileType = sourcecode.swift; path = UserListViewModel.swift; sourceTree = "<group>"; };
		92E7E3282C1C29F7001DF298 /* APIConstants.swift */ = {isa = PBXFileReference; lastKnownFileType = sourcecode.swift; path = APIConstants.swift; sourceTree = "<group>"; };
		92E7E32A2C1C2D55001DF298 /* AppConstants.swift */ = {isa = PBXFileReference; lastKnownFileType = sourcecode.swift; path = AppConstants.swift; sourceTree = "<group>"; };
		92EE518F2C3586AC0020DE91 /* SizeClassVC.swift */ = {isa = PBXFileReference; lastKnownFileType = sourcecode.swift; path = SizeClassVC.swift; sourceTree = "<group>"; };
		92EF9A7A2C340E79003F6F23 /* UserListOfflineviewModel.swift */ = {isa = PBXFileReference; lastKnownFileType = sourcecode.swift; path = UserListOfflineviewModel.swift; sourceTree = "<group>"; };
		92EF9A7C2C341778003F6F23 /* Enum.swift */ = {isa = PBXFileReference; lastKnownFileType = sourcecode.swift; path = Enum.swift; sourceTree = "<group>"; };
/* End PBXFileReference section */

/* Begin PBXFrameworksBuildPhase section */
		925C4DD72C0EE56C0088A7BA /* Frameworks */ = {
			isa = PBXFrameworksBuildPhase;
			buildActionMask = 2147483647;
			files = (
			);
			runOnlyForDeploymentPostprocessing = 0;
		};
/* End PBXFrameworksBuildPhase section */

/* Begin PBXGroup section */
		924CF2D72C1DF1270037A0FD /* Applicattion */ = {
			isa = PBXGroup;
			children = (
				925C4DDD2C0EE56C0088A7BA /* AppDelegate.swift */,
				925C4DDF2C0EE56C0088A7BA /* SceneDelegate.swift */,
			);
			path = Applicattion;
			sourceTree = "<group>";
		};
		924CF2D82C1DF1430037A0FD /* Resource */ = {
			isa = PBXGroup;
			children = (
				925C4DE62C0EE5720088A7BA /* Assets.xcassets */,
				925C4DE82C0EE5720088A7BA /* LaunchScreen.storyboard */,
			);
			path = Resource;
			sourceTree = "<group>";
		};
		924CF2D92C1DF16B0037A0FD /* APIManager */ = {
			isa = PBXGroup;
			children = (
				925C4DF12C0EE5980088A7BA /* APIManager.swift */,
			);
			path = APIManager;
			sourceTree = "<group>";
		};
		924CF2DA2C1DF19A0037A0FD /* TableViewCell */ = {
			isa = PBXGroup;
			children = (
				925C4DF52C0EEDD60088A7BA /* UserTableViewCell.swift */,
				925C4DF62C0EEDD60088A7BA /* UserTableViewCell.xib */,
			);
			path = TableViewCell;
			sourceTree = "<group>";
		};
		924CF2DB2C1DF1BA0037A0FD /* Constants */ = {
			isa = PBXGroup;
			children = (
				92E7E3282C1C29F7001DF298 /* APIConstants.swift */,
				92E7E32A2C1C2D55001DF298 /* AppConstants.swift */,
				92EF9A7C2C341778003F6F23 /* Enum.swift */,
			);
			path = Constants;
			sourceTree = "<group>";
		};
		924CF2DC2C1DF1F30037A0FD /* Controller */ = {
			isa = PBXGroup;
			children = (
				924CF2DD2C1DF2170037A0FD /* User */,
				92AFDEF42C341E3A00289910 /* DependencyInversion.swift */,
			);
			path = Controller;
			sourceTree = "<group>";
		};
		924CF2DD2C1DF2170037A0FD /* User */ = {
			isa = PBXGroup;
			children = (
				925C4DF32C0EE7540088A7BA /* UserModel.swift */,
				92E7E3262C1C28C1001DF298 /* UserListViewModel.swift */,
				92EF9A7A2C340E79003F6F23 /* UserListOfflineviewModel.swift */,
				924CF2DE2C1DF2420037A0FD /* UserViewController.swift */,
				92EE518F2C3586AC0020DE91 /* SizeClassVC.swift */,
			);
			path = User;
			sourceTree = "<group>";
		};
		924CF2E02C1DFAE60037A0FD /* UIImage+Extension */ = {
			isa = PBXGroup;
			children = (
				924CF2E12C1DFB090037A0FD /* UIImage+Extension.swift */,
			);
			path = "UIImage+Extension";
			sourceTree = "<group>";
		};
		925C4DD12C0EE56C0088A7BA = {
			isa = PBXGroup;
			children = (
				925C4DDC2C0EE56C0088A7BA /* DisplayUseListProject */,
				925C4DDB2C0EE56C0088A7BA /* Products */,
			);
			sourceTree = "<group>";
		};
		925C4DDB2C0EE56C0088A7BA /* Products */ = {
			isa = PBXGroup;
			children = (
				925C4DDA2C0EE56C0088A7BA /* DisplayUseListProject.app */,
			);
			name = Products;
			sourceTree = "<group>";
		};
		925C4DDC2C0EE56C0088A7BA /* DisplayUseListProject */ = {
			isa = PBXGroup;
			children = (
				924CF2D72C1DF1270037A0FD /* Applicattion */,
				924CF2D82C1DF1430037A0FD /* Resource */,
				924CF2DB2C1DF1BA0037A0FD /* Constants */,
				924CF2E02C1DFAE60037A0FD /* UIImage+Extension */,
				924CF2D92C1DF16B0037A0FD /* APIManager */,
				924CF2DA2C1DF19A0037A0FD /* TableViewCell */,
				924CF2DC2C1DF1F30037A0FD /* Controller */,
				925C4DE32C0EE56C0088A7BA /* Main.storyboard */,
				925C4DEB2C0EE5720088A7BA /* Info.plist */,
			);
			path = DisplayUseListProject;
			sourceTree = "<group>";
		};
/* End PBXGroup section */

/* Begin PBXNativeTarget section */
		925C4DD92C0EE56C0088A7BA /* DisplayUseListProject */ = {
			isa = PBXNativeTarget;
			buildConfigurationList = 925C4DEE2C0EE5720088A7BA /* Build configuration list for PBXNativeTarget "DisplayUseListProject" */;
			buildPhases = (
				925C4DD62C0EE56C0088A7BA /* Sources */,
				925C4DD72C0EE56C0088A7BA /* Frameworks */,
				925C4DD82C0EE56C0088A7BA /* Resources */,
			);
			buildRules = (
			);
			dependencies = (
			);
			name = DisplayUseListProject;
			productName = TestApplications;
			productReference = 925C4DDA2C0EE56C0088A7BA /* DisplayUseListProject.app */;
			productType = "com.apple.product-type.application";
		};
/* End PBXNativeTarget section */

/* Begin PBXProject section */
		925C4DD22C0EE56C0088A7BA /* Project object */ = {
			isa = PBXProject;
			attributes = {
				BuildIndependentTargetsInParallel = 1;
				LastSwiftUpdateCheck = 1520;
				LastUpgradeCheck = 1520;
				TargetAttributes = {
					925C4DD92C0EE56C0088A7BA = {
						CreatedOnToolsVersion = 15.2;
					};
				};
			};
			buildConfigurationList = 925C4DD52C0EE56C0088A7BA /* Build configuration list for PBXProject "DisplayUseListProject" */;
			compatibilityVersion = "Xcode 14.0";
			developmentRegion = en;
			hasScannedForEncodings = 0;
			knownRegions = (
				en,
				Base,
			);
			mainGroup = 925C4DD12C0EE56C0088A7BA;
			productRefGroup = 925C4DDB2C0EE56C0088A7BA /* Products */;
			projectDirPath = "";
			projectRoot = "";
			targets = (
				925C4DD92C0EE56C0088A7BA /* DisplayUseListProject */,
			);
		};
/* End PBXProject section */

/* Begin PBXResourcesBuildPhase section */
		925C4DD82C0EE56C0088A7BA /* Resources */ = {
			isa = PBXResourcesBuildPhase;
			buildActionMask = 2147483647;
			files = (
				925C4DF82C0EEDD60088A7BA /* UserTableViewCell.xib in Resources */,
				925C4DEA2C0EE5720088A7BA /* LaunchScreen.storyboard in Resources */,
				925C4DE72C0EE5720088A7BA /* Assets.xcassets in Resources */,
				925C4DE52C0EE56C0088A7BA /* Main.storyboard in Resources */,
			);
			runOnlyForDeploymentPostprocessing = 0;
		};
/* End PBXResourcesBuildPhase section */

/* Begin PBXSourcesBuildPhase section */
		925C4DD62C0EE56C0088A7BA /* Sources */ = {
			isa = PBXSourcesBuildPhase;
			buildActionMask = 2147483647;
			files = (
				925C4DF22C0EE5980088A7BA /* APIManager.swift in Sources */,
				924CF2DF2C1DF2420037A0FD /* UserViewController.swift in Sources */,
				92EF9A7D2C341778003F6F23 /* Enum.swift in Sources */,
				92E7E32B2C1C2D55001DF298 /* AppConstants.swift in Sources */,
				92E7E3272C1C28C1001DF298 /* UserListViewModel.swift in Sources */,
				925C4DDE2C0EE56C0088A7BA /* AppDelegate.swift in Sources */,
				92EF9A7B2C340E79003F6F23 /* UserListOfflineviewModel.swift in Sources */,
				92E7E3292C1C29F7001DF298 /* APIConstants.swift in Sources */,
				92EE51902C3586AC0020DE91 /* SizeClassVC.swift in Sources */,
				925C4DF42C0EE7540088A7BA /* UserModel.swift in Sources */,
				92AFDEF52C341E3A00289910 /* DependencyInversion.swift in Sources */,
				924CF2E22C1DFB090037A0FD /* UIImage+Extension.swift in Sources */,
				925C4DF72C0EEDD60088A7BA /* UserTableViewCell.swift in Sources */,
				925C4DE02C0EE56C0088A7BA /* SceneDelegate.swift in Sources */,
			);
			runOnlyForDeploymentPostprocessing = 0;
		};
/* End PBXSourcesBuildPhase section */

/* Begin PBXVariantGroup section */
		925C4DE32C0EE56C0088A7BA /* Main.storyboard */ = {
			isa = PBXVariantGroup;
			children = (
				925C4DE42C0EE56C0088A7BA /* Base */,
			);
			name = Main.storyboard;
			sourceTree = "<group>";
		};
		925C4DE82C0EE5720088A7BA /* LaunchScreen.storyboard */ = {
			isa = PBXVariantGroup;
			children = (
				925C4DE92C0EE5720088A7BA /* Base */,
			);
			name = LaunchScreen.storyboard;
			sourceTree = "<group>";
		};
/* End PBXVariantGroup section */

/* Begin XCBuildConfiguration section */
		925C4DEC2C0EE5720088A7BA /* Debug */ = {
			isa = XCBuildConfiguration;
			buildSettings = {
				ALWAYS_SEARCH_USER_PATHS = NO;
				ASSETCATALOG_COMPILER_GENERATE_SWIFT_ASSET_SYMBOL_EXTENSIONS = YES;
				CLANG_ANALYZER_NONNULL = YES;
				CLANG_ANALYZER_NUMBER_OBJECT_CONVERSION = YES_AGGRESSIVE;
				CLANG_CXX_LANGUAGE_STANDARD = "gnu++20";
				CLANG_ENABLE_MODULES = YES;
				CLANG_ENABLE_OBJC_ARC = YES;
				CLANG_ENABLE_OBJC_WEAK = YES;
				CLANG_WARN_BLOCK_CAPTURE_AUTORELEASING = YES;
				CLANG_WARN_BOOL_CONVERSION = YES;
				CLANG_WARN_COMMA = YES;
				CLANG_WARN_CONSTANT_CONVERSION = YES;
				CLANG_WARN_DEPRECATED_OBJC_IMPLEMENTATIONS = YES;
				CLANG_WARN_DIRECT_OBJC_ISA_USAGE = YES_ERROR;
				CLANG_WARN_DOCUMENTATION_COMMENTS = YES;
				CLANG_WARN_EMPTY_BODY = YES;
				CLANG_WARN_ENUM_CONVERSION = YES;
				CLANG_WARN_INFINITE_RECURSION = YES;
				CLANG_WARN_INT_CONVERSION = YES;
				CLANG_WARN_NON_LITERAL_NULL_CONVERSION = YES;
				CLANG_WARN_OBJC_IMPLICIT_RETAIN_SELF = YES;
				CLANG_WARN_OBJC_LITERAL_CONVERSION = YES;
				CLANG_WARN_OBJC_ROOT_CLASS = YES_ERROR;
				CLANG_WARN_QUOTED_INCLUDE_IN_FRAMEWORK_HEADER = YES;
				CLANG_WARN_RANGE_LOOP_ANALYSIS = YES;
				CLANG_WARN_STRICT_PROTOTYPES = YES;
				CLANG_WARN_SUSPICIOUS_MOVE = YES;
				CLANG_WARN_UNGUARDED_AVAILABILITY = YES_AGGRESSIVE;
				CLANG_WARN_UNREACHABLE_CODE = YES;
				CLANG_WARN__DUPLICATE_METHOD_MATCH = YES;
				COPY_PHASE_STRIP = NO;
				DEBUG_INFORMATION_FORMAT = dwarf;
				ENABLE_STRICT_OBJC_MSGSEND = YES;
				ENABLE_TESTABILITY = YES;
				ENABLE_USER_SCRIPT_SANDBOXING = YES;
				GCC_C_LANGUAGE_STANDARD = gnu17;
				GCC_DYNAMIC_NO_PIC = NO;
				GCC_NO_COMMON_BLOCKS = YES;
				GCC_OPTIMIZATION_LEVEL = 0;
				GCC_PREPROCESSOR_DEFINITIONS = (
					"DEBUG=1",
					"$(inherited)",
				);
				GCC_WARN_64_TO_32_BIT_CONVERSION = YES;
				GCC_WARN_ABOUT_RETURN_TYPE = YES_ERROR;
				GCC_WARN_UNDECLARED_SELECTOR = YES;
				GCC_WARN_UNINITIALIZED_AUTOS = YES_AGGRESSIVE;
				GCC_WARN_UNUSED_FUNCTION = YES;
				GCC_WARN_UNUSED_VARIABLE = YES;
				IPHONEOS_DEPLOYMENT_TARGET = 17.2;
				LOCALIZATION_PREFERS_STRING_CATALOGS = YES;
				MTL_ENABLE_DEBUG_INFO = INCLUDE_SOURCE;
				MTL_FAST_MATH = YES;
				ONLY_ACTIVE_ARCH = YES;
				SDKROOT = iphoneos;
				SWIFT_ACTIVE_COMPILATION_CONDITIONS = "DEBUG $(inherited)";
				SWIFT_OPTIMIZATION_LEVEL = "-Onone";
			};
			name = Debug;
		};
		925C4DED2C0EE5720088A7BA /* Release */ = {
			isa = XCBuildConfiguration;
			buildSettings = {
				ALWAYS_SEARCH_USER_PATHS = NO;
				ASSETCATALOG_COMPILER_GENERATE_SWIFT_ASSET_SYMBOL_EXTENSIONS = YES;
				CLANG_ANALYZER_NONNULL = YES;
				CLANG_ANALYZER_NUMBER_OBJECT_CONVERSION = YES_AGGRESSIVE;
				CLANG_CXX_LANGUAGE_STANDARD = "gnu++20";
				CLANG_ENABLE_MODULES = YES;
				CLANG_ENABLE_OBJC_ARC = YES;
				CLANG_ENABLE_OBJC_WEAK = YES;
				CLANG_WARN_BLOCK_CAPTURE_AUTORELEASING = YES;
				CLANG_WARN_BOOL_CONVERSION = YES;
				CLANG_WARN_COMMA = YES;
				CLANG_WARN_CONSTANT_CONVERSION = YES;
				CLANG_WARN_DEPRECATED_OBJC_IMPLEMENTATIONS = YES;
				CLANG_WARN_DIRECT_OBJC_ISA_USAGE = YES_ERROR;
				CLANG_WARN_DOCUMENTATION_COMMENTS = YES;
				CLANG_WARN_EMPTY_BODY = YES;
				CLANG_WARN_ENUM_CONVERSION = YES;
				CLANG_WARN_INFINITE_RECURSION = YES;
				CLANG_WARN_INT_CONVERSION = YES;
				CLANG_WARN_NON_LITERAL_NULL_CONVERSION = YES;
				CLANG_WARN_OBJC_IMPLICIT_RETAIN_SELF = YES;
				CLANG_WARN_OBJC_LITERAL_CONVERSION = YES;
				CLANG_WARN_OBJC_ROOT_CLASS = YES_ERROR;
				CLANG_WARN_QUOTED_INCLUDE_IN_FRAMEWORK_HEADER = YES;
				CLANG_WARN_RANGE_LOOP_ANALYSIS = YES;
				CLANG_WARN_STRICT_PROTOTYPES = YES;
				CLANG_WARN_SUSPICIOUS_MOVE = YES;
				CLANG_WARN_UNGUARDED_AVAILABILITY = YES_AGGRESSIVE;
				CLANG_WARN_UNREACHABLE_CODE = YES;
				CLANG_WARN__DUPLICATE_METHOD_MATCH = YES;
				COPY_PHASE_STRIP = NO;
				DEBUG_INFORMATION_FORMAT = "dwarf-with-dsym";
				ENABLE_NS_ASSERTIONS = NO;
				ENABLE_STRICT_OBJC_MSGSEND = YES;
				ENABLE_USER_SCRIPT_SANDBOXING = YES;
				GCC_C_LANGUAGE_STANDARD = gnu17;
				GCC_NO_COMMON_BLOCKS = YES;
				GCC_WARN_64_TO_32_BIT_CONVERSION = YES;
				GCC_WARN_ABOUT_RETURN_TYPE = YES_ERROR;
				GCC_WARN_UNDECLARED_SELECTOR = YES;
				GCC_WARN_UNINITIALIZED_AUTOS = YES_AGGRESSIVE;
				GCC_WARN_UNUSED_FUNCTION = YES;
				GCC_WARN_UNUSED_VARIABLE = YES;
				IPHONEOS_DEPLOYMENT_TARGET = 17.2;
				LOCALIZATION_PREFERS_STRING_CATALOGS = YES;
				MTL_ENABLE_DEBUG_INFO = NO;
				MTL_FAST_MATH = YES;
				SDKROOT = iphoneos;
				SWIFT_COMPILATION_MODE = wholemodule;
				VALIDATE_PRODUCT = YES;
			};
			name = Release;
		};
		925C4DEF2C0EE5720088A7BA /* Debug */ = {
			isa = XCBuildConfiguration;
			buildSettings = {
				ASSETCATALOG_COMPILER_APPICON_NAME = AppIcon;
				ASSETCATALOG_COMPILER_GLOBAL_ACCENT_COLOR_NAME = AccentColor;
				CODE_SIGN_STYLE = Manual;
				CURRENT_PROJECT_VERSION = 1;
				DEVELOPMENT_TEAM = "";
				GENERATE_INFOPLIST_FILE = YES;
				INFOPLIST_FILE = DisplayUseListProject/Info.plist;
				INFOPLIST_KEY_UIApplicationSupportsIndirectInputEvents = YES;
				INFOPLIST_KEY_UILaunchStoryboardName = LaunchScreen;
				INFOPLIST_KEY_UIMainStoryboardFile = Main;
				INFOPLIST_KEY_UISupportedInterfaceOrientations_iPad = "UIInterfaceOrientationPortrait UIInterfaceOrientationPortraitUpsideDown UIInterfaceOrientationLandscapeLeft UIInterfaceOrientationLandscapeRight";
				INFOPLIST_KEY_UISupportedInterfaceOrientations_iPhone = "UIInterfaceOrientationPortrait UIInterfaceOrientationLandscapeLeft UIInterfaceOrientationLandscapeRight";
				LD_RUNPATH_SEARCH_PATHS = (
					"$(inherited)",
					"@executable_path/Frameworks",
				);
				MARKETING_VERSION = 1.0;
				PRODUCT_BUNDLE_IDENTIFIER = com.example.DisplayUseListProject;
				PRODUCT_NAME = "$(TARGET_NAME)";
				PROVISIONING_PROFILE_SPECIFIER = "";
				SWIFT_EMIT_LOC_STRINGS = YES;
				SWIFT_VERSION = 5.0;
				TARGETED_DEVICE_FAMILY = "1,2";
			};
			name = Debug;
		};
		925C4DF02C0EE5720088A7BA /* Release */ = {
			isa = XCBuildConfiguration;
			buildSettings = {
				ASSETCATALOG_COMPILER_APPICON_NAME = AppIcon;
				ASSETCATALOG_COMPILER_GLOBAL_ACCENT_COLOR_NAME = AccentColor;
				CODE_SIGN_STYLE = Manual;
				CURRENT_PROJECT_VERSION = 1;
				DEVELOPMENT_TEAM = "";
				GENERATE_INFOPLIST_FILE = YES;
				INFOPLIST_FILE = DisplayUseListProject/Info.plist;
				INFOPLIST_KEY_UIApplicationSupportsIndirectInputEvents = YES;
				INFOPLIST_KEY_UILaunchStoryboardName = LaunchScreen;
				INFOPLIST_KEY_UIMainStoryboardFile = Main;
				INFOPLIST_KEY_UISupportedInterfaceOrientations_iPad = "UIInterfaceOrientationPortrait UIInterfaceOrientationPortraitUpsideDown UIInterfaceOrientationLandscapeLeft UIInterfaceOrientationLandscapeRight";
				INFOPLIST_KEY_UISupportedInterfaceOrientations_iPhone = "UIInterfaceOrientationPortrait UIInterfaceOrientationLandscapeLeft UIInterfaceOrientationLandscapeRight";
				LD_RUNPATH_SEARCH_PATHS = (
					"$(inherited)",
					"@executable_path/Frameworks",
				);
				MARKETING_VERSION = 1.0;
				PRODUCT_BUNDLE_IDENTIFIER = com.example.DisplayUseListProject;
				PRODUCT_NAME = "$(TARGET_NAME)";
				PROVISIONING_PROFILE_SPECIFIER = "";
				SWIFT_EMIT_LOC_STRINGS = YES;
				SWIFT_VERSION = 5.0;
				TARGETED_DEVICE_FAMILY = "1,2";
			};
			name = Release;
		};
/* End XCBuildConfiguration section */

/* Begin XCConfigurationList section */
		925C4DD52C0EE56C0088A7BA /* Build configuration list for PBXProject "DisplayUseListProject" */ = {
			isa = XCConfigurationList;
			buildConfigurations = (
				925C4DEC2C0EE5720088A7BA /* Debug */,
				925C4DED2C0EE5720088A7BA /* Release */,
			);
			defaultConfigurationIsVisible = 0;
			defaultConfigurationName = Release;
		};
		925C4DEE2C0EE5720088A7BA /* Build configuration list for PBXNativeTarget "DisplayUseListProject" */ = {
			isa = XCConfigurationList;
			buildConfigurations = (
				925C4DEF2C0EE5720088A7BA /* Debug */,
				925C4DF02C0EE5720088A7BA /* Release */,
			);
			defaultConfigurationIsVisible = 0;
			defaultConfigurationName = Release;
		};
/* End XCConfigurationList section */
	};
	rootObject = 925C4DD22C0EE56C0088A7BA /* Project object */;
}
